// !$*UTF8*$!
{
	archiveVersion = 1;
	classes = {
	};
	objectVersion = 48;
	objects = {

/* Begin PBXBuildFile section */
		14B3CEC5213AF2C10017CB52 /* AppDelegate.swift in Sources */ = {isa = PBXBuildFile; fileRef = 14B3CEC4213AF2C10017CB52 /* AppDelegate.swift */; };
		14B3CEC7213AF2C10017CB52 /* ViewController.swift in Sources */ = {isa = PBXBuildFile; fileRef = 14B3CEC6213AF2C10017CB52 /* ViewController.swift */; };
		14B3CECA213AF2C10017CB52 /* Main.storyboard in Resources */ = {isa = PBXBuildFile; fileRef = 14B3CEC8213AF2C10017CB52 /* Main.storyboard */; };
		14B3CECC213AF2C10017CB52 /* Assets.xcassets in Resources */ = {isa = PBXBuildFile; fileRef = 14B3CECB213AF2C10017CB52 /* Assets.xcassets */; };
		14B3CECF213AF2C10017CB52 /* LaunchScreen.storyboard in Resources */ = {isa = PBXBuildFile; fileRef = 14B3CECD213AF2C10017CB52 /* LaunchScreen.storyboard */; };
		14B3CED8213AF4350017CB52 /* Post.swift in Sources */ = {isa = PBXBuildFile; fileRef = 14B3CED7213AF4350017CB52 /* Post.swift */; };
		14B3CEDB213AF51D0017CB52 /* PostTableViewCell.swift in Sources */ = {isa = PBXBuildFile; fileRef = 14B3CEDA213AF51D0017CB52 /* PostTableViewCell.swift */; };
/* End PBXBuildFile section */

/* Begin PBXFileReference section */
		14B3CEC1213AF2C10017CB52 /* SmoothenTableView.app */ = {isa = PBXFileReference; explicitFileType = wrapper.application; includeInIndex = 0; path = SmoothenTableView.app; sourceTree = BUILT_PRODUCTS_DIR; };
		14B3CEC4213AF2C10017CB52 /* AppDelegate.swift */ = {isa = PBXFileReference; lastKnownFileType = sourcecode.swift; path = AppDelegate.swift; sourceTree = "<group>"; };
		14B3CEC6213AF2C10017CB52 /* ViewController.swift */ = {isa = PBXFileReference; lastKnownFileType = sourcecode.swift; path = ViewController.swift; sourceTree = "<group>"; };
		14B3CEC9213AF2C10017CB52 /* Base */ = {isa = PBXFileReference; lastKnownFileType = file.storyboard; name = Base; path = Base.lproj/Main.storyboard; sourceTree = "<group>"; };
		14B3CECB213AF2C10017CB52 /* Assets.xcassets */ = {isa = PBXFileReference; lastKnownFileType = folder.assetcatalog; path = Assets.xcassets; sourceTree = "<group>"; };
		14B3CECE213AF2C10017CB52 /* Base */ = {isa = PBXFileReference; lastKnownFileType = file.storyboard; name = Base; path = Base.lproj/LaunchScreen.storyboard; sourceTree = "<group>"; };
		14B3CED0213AF2C10017CB52 /* Info.plist */ = {isa = PBXFileReference; lastKnownFileType = text.plist.xml; path = Info.plist; sourceTree = "<group>"; };
		14B3CED7213AF4350017CB52 /* Post.swift */ = {isa = PBXFileReference; lastKnownFileType = sourcecode.swift; path = Post.swift; sourceTree = "<group>"; };
		14B3CEDA213AF51D0017CB52 /* PostTableViewCell.swift */ = {isa = PBXFileReference; lastKnownFileType = sourcecode.swift; path = PostTableViewCell.swift; sourceTree = "<group>"; };
/* End PBXFileReference section */

/* Begin PBXFrameworksBuildPhase section */
		14B3CEBE213AF2C10017CB52 /* Frameworks */ = {
			isa = PBXFrameworksBuildPhase;
			buildActionMask = 2147483647;
			files = (
			);
			runOnlyForDeploymentPostprocessing = 0;
		};
/* End PBXFrameworksBuildPhase section */

/* Begin PBXGroup section */
		14B3CEB8213AF2C10017CB52 = {
			isa = PBXGroup;
			children = (
				14B3CEC3213AF2C10017CB52 /* SmoothenTableView */,
				14B3CEC2213AF2C10017CB52 /* Products */,
			);
			sourceTree = "<group>";
		};
		14B3CEC2213AF2C10017CB52 /* Products */ = {
			isa = PBXGroup;
			children = (
				14B3CEC1213AF2C10017CB52 /* SmoothenTableView.app */,
			);
			name = Products;
			sourceTree = "<group>";
		};
		14B3CEC3213AF2C10017CB52 /* SmoothenTableView */ = {
			isa = PBXGroup;
			children = (
				14B3CED9213AF5030017CB52 /* Cell */,
				14B3CED6213AF42C0017CB52 /* Model */,
				14B3CEC4213AF2C10017CB52 /* AppDelegate.swift */,
				14B3CEC6213AF2C10017CB52 /* ViewController.swift */,
				14B3CEC8213AF2C10017CB52 /* Main.storyboard */,
				14B3CECB213AF2C10017CB52 /* Assets.xcassets */,
				14B3CECD213AF2C10017CB52 /* LaunchScreen.storyboard */,
				14B3CED0213AF2C10017CB52 /* Info.plist */,
			);
			path = SmoothenTableView;
			sourceTree = "<group>";
		};
		14B3CED6213AF42C0017CB52 /* Model */ = {
			isa = PBXGroup;
			children = (
				14B3CED7213AF4350017CB52 /* Post.swift */,
			);
			path = Model;
			sourceTree = "<group>";
		};
		14B3CED9213AF5030017CB52 /* Cell */ = {
			isa = PBXGroup;
			children = (
				14B3CEDA213AF51D0017CB52 /* PostTableViewCell.swift */,
			);
			path = Cell;
			sourceTree = "<group>";
		};
/* End PBXGroup section */

/* Begin PBXNativeTarget section */
		14B3CEC0213AF2C10017CB52 /* SmoothenTableView */ = {
			isa = PBXNativeTarget;
			buildConfigurationList = 14B3CED3213AF2C10017CB52 /* Build configuration list for PBXNativeTarget "SmoothenTableView" */;
			buildPhases = (
				14B3CEBD213AF2C10017CB52 /* Sources */,
				14B3CEBE213AF2C10017CB52 /* Frameworks */,
				14B3CEBF213AF2C10017CB52 /* Resources */,
			);
			buildRules = (
			);
			dependencies = (
			);
			name = SmoothenTableView;
			productName = SmoothenTableView;
			productReference = 14B3CEC1213AF2C10017CB52 /* SmoothenTableView.app */;
			productType = "com.apple.product-type.application";
		};
/* End PBXNativeTarget section */

/* Begin PBXProject section */
		14B3CEB9213AF2C10017CB52 /* Project object */ = {
			isa = PBXProject;
			attributes = {
				LastSwiftUpdateCheck = 0920;
				LastUpgradeCheck = 0920;
				ORGANIZATIONNAME = MINATO;
				TargetAttributes = {
					14B3CEC0213AF2C10017CB52 = {
						CreatedOnToolsVersion = 9.2;
						ProvisioningStyle = Manual;
					};
				};
			};
			buildConfigurationList = 14B3CEBC213AF2C10017CB52 /* Build configuration list for PBXProject "SmoothenTableView" */;
			compatibilityVersion = "Xcode 8.0";
			developmentRegion = en;
			hasScannedForEncodings = 0;
			knownRegions = (
				en,
				Base,
			);
			mainGroup = 14B3CEB8213AF2C10017CB52;
			productRefGroup = 14B3CEC2213AF2C10017CB52 /* Products */;
			projectDirPath = "";
			projectRoot = "";
			targets = (
				14B3CEC0213AF2C10017CB52 /* SmoothenTableView */,
			);
		};
/* End PBXProject section */

/* Begin PBXResourcesBuildPhase section */
		14B3CEBF213AF2C10017CB52 /* Resources */ = {
			isa = PBXResourcesBuildPhase;
			buildActionMask = 2147483647;
			files = (
				14B3CECF213AF2C10017CB52 /* LaunchScreen.storyboard in Resources */,
				14B3CECC213AF2C10017CB52 /* Assets.xcassets in Resources */,
				14B3CECA213AF2C10017CB52 /* Main.storyboard in Resources */,
			);
			runOnlyForDeploymentPostprocessing = 0;
		};
/* End PBXResourcesBuildPhase section */

/* Begin PBXSourcesBuildPhase section */
		14B3CEBD213AF2C10017CB52 /* Sources */ = {
			isa = PBXSourcesBuildPhase;
			buildActionMask = 2147483647;
			files = (
				14B3CED8213AF4350017CB52 /* Post.swift in Sources */,
				14B3CEC7213AF2C10017CB52 /* ViewController.swift in Sources */,
				14B3CEC5213AF2C10017CB52 /* AppDelegate.swift in Sources */,
				14B3CEDB213AF51D0017CB52 /* PostTableViewCell.swift in Sources */,
			);
			runOnlyForDeploymentPostprocessing = 0;
		};
/* End PBXSourcesBuildPhase section */

/* Begin PBXVariantGroup section */
		14B3CEC8213AF2C10017CB52 /* Main.storyboard */ = {
			isa = PBXVariantGroup;
			children = (
				14B3CEC9213AF2C10017CB52 /* Base */,
			);
			name = Main.storyboard;
			sourceTree = "<group>";
		};
		14B3CECD213AF2C10017CB52 /* LaunchScreen.storyboard */ = {
			isa = PBXVariantGroup;
			children = (
				14B3CECE213AF2C10017CB52 /* Base */,
			);
			name = LaunchScreen.storyboard;
			sourceTree = "<group>";
		};
/* End PBXVariantGroup section */

/* Begin XCBuildConfiguration section */
		14B3CED1213AF2C10017CB52 /* Debug */ = {
			isa = XCBuildConfiguration;
			buildSettings = {
				ALWAYS_SEARCH_USER_PATHS = NO;
				CLANG_ANALYZER_NONNULL = YES;
				CLANG_ANALYZER_NUMBER_OBJECT_CONVERSION = YES_AGGRESSIVE;
				CLANG_CXX_LANGUAGE_STANDARD = "gnu++14";
				CLANG_CXX_LIBRARY = "libc++";
				CLANG_ENABLE_MODULES = YES;
				CLANG_ENABLE_OBJC_ARC = YES;
				CLANG_WARN_BLOCK_CAPTURE_AUTORELEASING = YES;
				CLANG_WARN_BOOL_CONVERSION = YES;
				CLANG_WARN_COMMA = YES;
				CLANG_WARN_CONSTANT_CONVERSION = YES;
				CLANG_WARN_DIRECT_OBJC_ISA_USAGE = YES_ERROR;
				CLANG_WARN_DOCUMENTATION_COMMENTS = YES;
				CLANG_WARN_EMPTY_BODY = YES;
				CLANG_WARN_ENUM_CONVERSION = YES;
				CLANG_WARN_INFINITE_RECURSION = YES;
				CLANG_WARN_INT_CONVERSION = YES;
				CLANG_WARN_NON_LITERAL_NULL_CONVERSION = YES;
				CLANG_WARN_OBJC_LITERAL_CONVERSION = YES;
				CLANG_WARN_OBJC_ROOT_CLASS = YES_ERROR;
				CLANG_WARN_RANGE_LOOP_ANALYSIS = YES;
				CLANG_WARN_STRICT_PROTOTYPES = YES;
				CLANG_WARN_SUSPICIOUS_MOVE = YES;
				CLANG_WARN_UNGUARDED_AVAILABILITY = YES_AGGRESSIVE;
				CLANG_WARN_UNREACHABLE_CODE = YES;
				CLANG_WARN__DUPLICATE_METHOD_MATCH = YES;
				CODE_SIGN_IDENTITY = "iPhone Developer";
				COPY_PHASE_STRIP = NO;
				DEBUG_INFORMATION_FORMAT = dwarf;
				ENABLE_STRICT_OBJC_MSGSEND = YES;
				ENABLE_TESTABILITY = YES;
				GCC_C_LANGUAGE_STANDARD = gnu11;
				GCC_DYNAMIC_NO_PIC = NO;
				GCC_NO_COMMON_BLOCKS = YES;
				GCC_OPTIMIZATION_LEVEL = 0;
				GCC_PREPROCESSOR_DEFINITIONS = (
					"DEBUG=1",
					"$(inherited)",
				);
				GCC_WARN_64_TO_32_BIT_CONVERSION = YES;
				GCC_WARN_ABOUT_RETURN_TYPE = YES_ERROR;
				GCC_WARN_UNDECLARED_SELECTOR = YES;
				GCC_WARN_UNINITIALIZED_AUTOS = YES_AGGRESSIVE;
				GCC_WARN_UNUSED_FUNCTION = YES;
				GCC_WARN_UNUSED_VARIABLE = YES;
				IPHONEOS_DEPLOYMENT_TARGET = 11.2;
				MTL_ENABLE_DEBUG_INFO = YES;
				ONLY_ACTIVE_ARCH = YES;
				SDKROOT = iphoneos;
				SWIFT_ACTIVE_COMPILATION_CONDITIONS = DEBUG;
				SWIFT_OPTIMIZATION_LEVEL = "-Onone";
			};
			name = Debug;
		};
		14B3CED2213AF2C10017CB52 /* Release */ = {
			isa = XCBuildConfiguration;
			buildSettings = {
				ALWAYS_SEARCH_USER_PATHS = NO;
				CLANG_ANALYZER_NONNULL = YES;
				CLANG_ANALYZER_NUMBER_OBJECT_CONVERSION = YES_AGGRESSIVE;
				CLANG_CXX_LANGUAGE_STANDARD = "gnu++14";
				CLANG_CXX_LIBRARY = "libc++";
				CLANG_ENABLE_MODULES = YES;
				CLANG_ENABLE_OBJC_ARC = YES;
				CLANG_WARN_BLOCK_CAPTURE_AUTORELEASING = YES;
				CLANG_WARN_BOOL_CONVERSION = YES;
				CLANG_WARN_COMMA = YES;
				CLANG_WARN_CONSTANT_CONVERSION = YES;
				CLANG_WARN_DIRECT_OBJC_ISA_USAGE = YES_ERROR;
				CLANG_WARN_DOCUMENTATION_COMMENTS = YES;
				CLANG_WARN_EMPTY_BODY = YES;
				CLANG_WARN_ENUM_CONVERSION = YES;
				CLANG_WARN_INFINITE_RECURSION = YES;
				CLANG_WARN_INT_CONVERSION = YES;
				CLANG_WARN_NON_LITERAL_NULL_CONVERSION = YES;
				CLANG_WARN_OBJC_LITERAL_CONVERSION = YES;
				CLANG_WARN_OBJC_ROOT_CLASS = YES_ERROR;
				CLANG_WARN_RANGE_LOOP_ANALYSIS = YES;
				CLANG_WARN_STRICT_PROTOTYPES = YES;
				CLANG_WARN_SUSPICIOUS_MOVE = YES;
				CLANG_WARN_UNGUARDED_AVAILABILITY = YES_AGGRESSIVE;
				CLANG_WARN_UNREACHABLE_CODE = YES;
				CLANG_WARN__DUPLICATE_METHOD_MATCH = YES;
				CODE_SIGN_IDENTITY = "iPhone Developer";
				COPY_PHASE_STRIP = NO;
				DEBUG_INFORMATION_FORMAT = "dwarf-with-dsym";
				ENABLE_NS_ASSERTIONS = NO;
				ENABLE_STRICT_OBJC_MSGSEND = YES;
				GCC_C_LANGUAGE_STANDARD = gnu11;
				GCC_NO_COMMON_BLOCKS = YES;
				GCC_WARN_64_TO_32_BIT_CONVERSION = YES;
				GCC_WARN_ABOUT_RETURN_TYPE = YES_ERROR;
				GCC_WARN_UNDECLARED_SELECTOR = YES;
				GCC_WARN_UNINITIALIZED_AUTOS = YES_AGGRESSIVE;
				GCC_WARN_UNUSED_FUNCTION = YES;
				GCC_WARN_UNUSED_VARIABLE = YES;
				IPHONEOS_DEPLOYMENT_TARGET = 11.2;
				MTL_ENABLE_DEBUG_INFO = NO;
				SDKROOT = iphoneos;
				SWIFT_OPTIMIZATION_LEVEL = "-Owholemodule";
				VALIDATE_PRODUCT = YES;
			};
			name = Release;
		};
		14B3CED4213AF2C10017CB52 /* Debug */ = {
			isa = XCBuildConfiguration;
			buildSettings = {
				ASSETCATALOG_COMPILER_APPICON_NAME = AppIcon;
				CODE_SIGN_STYLE = Manual;
				DEVELOPMENT_TEAM = DAB2NZFLN5;
				INFOPLIST_FILE = SmoothenTableView/Info.plist;
				LD_RUNPATH_SEARCH_PATHS = "$(inherited) @executable_path/Frameworks";
				PRODUCT_BUNDLE_IDENTIFIER = com.apple.SmoothenTableView;
				PRODUCT_NAME = "$(TARGET_NAME)";
				PROVISIONING_PROFILE = "f0974a77-fdca-4bea-af89-30f9a59e6b88";
				PROVISIONING_PROFILE_SPECIFIER = ios_development_forAll;
				SWIFT_VERSION = 4.0;
				TARGETED_DEVICE_FAMILY = "1,2";
			};
			name = Debug;
		};
		14B3CED5213AF2C10017CB52 /* Release */ = {
			isa = XCBuildConfiguration;
			buildSettings = {
				ASSETCATALOG_COMPILER_APPICON_NAME = AppIcon;
				CODE_SIGN_STYLE = Manual;
				DEVELOPMENT_TEAM = "";
				INFOPLIST_FILE = SmoothenTableView/Info.plist;
				LD_RUNPATH_SEARCH_PATHS = "$(inherited) @executable_path/Frameworks";
				PRODUCT_BUNDLE_IDENTIFIER = com.apple.SmoothenTableView;
				PRODUCT_NAME = "$(TARGET_NAME)";
				PROVISIONING_PROFILE_SPECIFIER = "";
				SWIFT_VERSION = 4.0;
				TARGETED_DEVICE_FAMILY = "1,2";
			};
			name = Release;
		};
/* End XCBuildConfiguration section */

/* Begin XCConfigurationList section */
		14B3CEBC213AF2C10017CB52 /* Build configuration list for PBXProject "SmoothenTableView" */ = {
			isa = XCConfigurationList;
			buildConfigurations = (
				14B3CED1213AF2C10017CB52 /* Debug */,
				14B3CED2213AF2C10017CB52 /* Release */,
			);
			defaultConfigurationIsVisible = 0;
			defaultConfigurationName = Release;
		};
		14B3CED3213AF2C10017CB52 /* Build configuration list for PBXNativeTarget "SmoothenTableView" */ = {
			isa = XCConfigurationList;
			buildConfigurations = (
				14B3CED4213AF2C10017CB52 /* Debug */,
				14B3CED5213AF2C10017CB52 /* Release */,
			);
			defaultConfigurationIsVisible = 0;
			defaultConfigurationName = Release;
		};
/* End XCConfigurationList section */
	};
	rootObject = 14B3CEB9213AF2C10017CB52 /* Project object */;
}
